
Microsoft Visual Studio Solution File, Format Version 12.00
# Visual Studio Version 16
VisualStudioVersion = 16.0.31702.278
MinimumVisualStudioVersion = 10.0.40219.1
Project("{FAE04EC0-301F-11D3-BF4B-00C04F79EFBC}") = "Tuan3", "Tuan3\Tuan3.csproj", "{63C986E8-5418-4C22-99AC-A3AEC4E74F87}"
EndProject
Global
	GlobalSection(SolutionConfigurationPlatforms) = preSolution
		Debug|Any CPU = Debug|Any CPU
		Release|Any CPU = Release|Any CPU
	EndGlobalSection
	GlobalSection(ProjectConfigurationPlatforms) = postSolution
		{63C986E8-5418-4C22-99AC-A3AEC4E74F87}.Debug|Any CPU.ActiveCfg = Debug|Any CPU
		{63C986E8-5418-4C22-99AC-A3AEC4E74F87}.Debug|Any CPU.Build.0 = Debug|Any CPU
		{63C986E8-5418-4C22-99AC-A3AEC4E74F87}.Release|Any CPU.ActiveCfg = Release|Any CPU
		{63C986E8-5418-4C22-99AC-A3AEC4E74F87}.Release|Any CPU.Build.0 = Release|Any CPU
	EndGlobalSection
	GlobalSection(SolutionProperties) = preSolution
		HideSolutionNode = FALSE
	EndGlobalSection
	GlobalSection(ExtensibilityGlobals) = postSolution
		SolutionGuid = {1C308617-C137-4261-B551-71A5465C509B}
	EndGlobalSection
EndGlobal
